<?xml version="1.0" encoding="UTF-8"?>
<CodeBlocks_project_file>
	<FileVersion major="1" minor="6"/>
	<Project>
		<Option title="cpp"/>
		<Option makefile_is_custom="1"/>
		<Option compiler="gcc"/>
		<Option virtualFolders="CMake Files\;CMake Files\..\;CMake Files\..\..\;CMake Files\..\..\..\;CMake Files\..\..\..\..\;CMake Files\..\..\..\..\..\;CMake Files\..\..\..\..\..\usr\;CMake Files\..\..\..\..\..\usr\local\;CMake Files\..\..\..\..\..\usr\local\lib\;CMake Files\..\..\..\..\..\usr\local\lib\cmake\;CMake Files\..\..\..\..\..\usr\local\lib\cmake\llvm\;"/>
		<Build>
			<Target title="all">
				<Option working_dir="/home/sabir/projects/blaze/cpp"/>
				<Option type="4"/>
				<MakeCommands>
					<Build command="/usr/bin/make -j4 -f &quot;/home/sabir/projects/blaze/cpp/Makefile&quot;  VERBOSE=1 all"/>
					<CompileFile command="/usr/bin/make -j4 -f &quot;/home/sabir/projects/blaze/cpp/Makefile&quot;  VERBOSE=1 &quot;$file&quot;"/>
					<Clean command="/usr/bin/make -j4 -f &quot;/home/sabir/projects/blaze/cpp/Makefile&quot;  VERBOSE=1 clean"/>
					<DistClean command="/usr/bin/make -j4 -f &quot;/home/sabir/projects/blaze/cpp/Makefile&quot;  VERBOSE=1 clean"/>
				</MakeCommands>
			</Target>
			<Target title="rebuild_cache">
				<Option working_dir="/home/sabir/projects/blaze/cpp"/>
				<Option type="4"/>
				<MakeCommands>
					<Build command="/usr/bin/make -j4 -f &quot;/home/sabir/projects/blaze/cpp/Makefile&quot;  VERBOSE=1 rebuild_cache"/>
					<CompileFile command="/usr/bin/make -j4 -f &quot;/home/sabir/projects/blaze/cpp/Makefile&quot;  VERBOSE=1 &quot;$file&quot;"/>
					<Clean command="/usr/bin/make -j4 -f &quot;/home/sabir/projects/blaze/cpp/Makefile&quot;  VERBOSE=1 clean"/>
					<DistClean command="/usr/bin/make -j4 -f &quot;/home/sabir/projects/blaze/cpp/Makefile&quot;  VERBOSE=1 clean"/>
				</MakeCommands>
			</Target>
			<Target title="edit_cache">
				<Option working_dir="/home/sabir/projects/blaze/cpp"/>
				<Option type="4"/>
				<MakeCommands>
					<Build command="/usr/bin/make -j4 -f &quot;/home/sabir/projects/blaze/cpp/Makefile&quot;  VERBOSE=1 edit_cache"/>
					<CompileFile command="/usr/bin/make -j4 -f &quot;/home/sabir/projects/blaze/cpp/Makefile&quot;  VERBOSE=1 &quot;$file&quot;"/>
					<Clean command="/usr/bin/make -j4 -f &quot;/home/sabir/projects/blaze/cpp/Makefile&quot;  VERBOSE=1 clean"/>
					<DistClean command="/usr/bin/make -j4 -f &quot;/home/sabir/projects/blaze/cpp/Makefile&quot;  VERBOSE=1 clean"/>
				</MakeCommands>
			</Target>
			<Target title="generate">
				<Option output="/home/sabir/projects/blaze/cpp/libgenerate.so" prefix_auto="0" extension_auto="0"/>
				<Option working_dir="/home/sabir/projects/blaze/cpp"/>
				<Option object_output="./"/>
				<Option type="3"/>
				<Option compiler="gcc"/>
				<Compiler>
					<Add directory="/home/sabir/projects/blaze/cpp/src"/>
					<Add directory="/usr/local/include"/>
					<Add directory="/usr/include/c++/5"/>
					<Add directory="/usr/include/x86_64-linux-gnu/c++/5"/>
					<Add directory="/usr/include/c++/5/backward"/>
					<Add directory="/usr/lib/gcc/x86_64-linux-gnu/5/include"/>
					<Add directory="/usr/lib/gcc/x86_64-linux-gnu/5/include-fixed"/>
					<Add directory="/usr/include/x86_64-linux-gnu"/>
					<Add directory="/usr/include"/>
				</Compiler>
				<MakeCommands>
					<Build command="/usr/bin/make -j4 -f &quot;/home/sabir/projects/blaze/cpp/Makefile&quot;  VERBOSE=1 generate"/>
					<CompileFile command="/usr/bin/make -j4 -f &quot;/home/sabir/projects/blaze/cpp/Makefile&quot;  VERBOSE=1 &quot;$file&quot;"/>
					<Clean command="/usr/bin/make -j4 -f &quot;/home/sabir/projects/blaze/cpp/Makefile&quot;  VERBOSE=1 clean"/>
					<DistClean command="/usr/bin/make -j4 -f &quot;/home/sabir/projects/blaze/cpp/Makefile&quot;  VERBOSE=1 clean"/>
				</MakeCommands>
			</Target>
			<Target title="generate/fast">
				<Option output="/home/sabir/projects/blaze/cpp/libgenerate.so" prefix_auto="0" extension_auto="0"/>
				<Option working_dir="/home/sabir/projects/blaze/cpp"/>
				<Option object_output="./"/>
				<Option type="3"/>
				<Option compiler="gcc"/>
				<Compiler>
					<Add directory="/home/sabir/projects/blaze/cpp/src"/>
					<Add directory="/usr/local/include"/>
					<Add directory="/usr/include/c++/5"/>
					<Add directory="/usr/include/x86_64-linux-gnu/c++/5"/>
					<Add directory="/usr/include/c++/5/backward"/>
					<Add directory="/usr/lib/gcc/x86_64-linux-gnu/5/include"/>
					<Add directory="/usr/lib/gcc/x86_64-linux-gnu/5/include-fixed"/>
					<Add directory="/usr/include/x86_64-linux-gnu"/>
					<Add directory="/usr/include"/>
				</Compiler>
				<MakeCommands>
					<Build command="/usr/bin/make -j4 -f &quot;/home/sabir/projects/blaze/cpp/Makefile&quot;  VERBOSE=1 generate/fast"/>
					<CompileFile command="/usr/bin/make -j4 -f &quot;/home/sabir/projects/blaze/cpp/Makefile&quot;  VERBOSE=1 &quot;$file&quot;"/>
					<Clean command="/usr/bin/make -j4 -f &quot;/home/sabir/projects/blaze/cpp/Makefile&quot;  VERBOSE=1 clean"/>
					<DistClean command="/usr/bin/make -j4 -f &quot;/home/sabir/projects/blaze/cpp/Makefile&quot;  VERBOSE=1 clean"/>
				</MakeCommands>
			</Target>
			<Target title="cpp">
				<Option output="/home/sabir/projects/blaze/cpp/cpp" prefix_auto="0" extension_auto="0"/>
				<Option working_dir="/home/sabir/projects/blaze/cpp"/>
				<Option object_output="./"/>
				<Option type="1"/>
				<Option compiler="gcc"/>
				<Compiler>
					<Add directory="/home/sabir/projects/blaze/cpp/src"/>
					<Add directory="/usr/local/include"/>
					<Add directory="/usr/include/c++/5"/>
					<Add directory="/usr/include/x86_64-linux-gnu/c++/5"/>
					<Add directory="/usr/include/c++/5/backward"/>
					<Add directory="/usr/lib/gcc/x86_64-linux-gnu/5/include"/>
					<Add directory="/usr/lib/gcc/x86_64-linux-gnu/5/include-fixed"/>
					<Add directory="/usr/include/x86_64-linux-gnu"/>
					<Add directory="/usr/include"/>
				</Compiler>
				<MakeCommands>
					<Build command="/usr/bin/make -j4 -f &quot;/home/sabir/projects/blaze/cpp/Makefile&quot;  VERBOSE=1 cpp"/>
					<CompileFile command="/usr/bin/make -j4 -f &quot;/home/sabir/projects/blaze/cpp/Makefile&quot;  VERBOSE=1 &quot;$file&quot;"/>
					<Clean command="/usr/bin/make -j4 -f &quot;/home/sabir/projects/blaze/cpp/Makefile&quot;  VERBOSE=1 clean"/>
					<DistClean command="/usr/bin/make -j4 -f &quot;/home/sabir/projects/blaze/cpp/Makefile&quot;  VERBOSE=1 clean"/>
				</MakeCommands>
			</Target>
			<Target title="cpp/fast">
				<Option output="/home/sabir/projects/blaze/cpp/cpp" prefix_auto="0" extension_auto="0"/>
				<Option working_dir="/home/sabir/projects/blaze/cpp"/>
				<Option object_output="./"/>
				<Option type="1"/>
				<Option compiler="gcc"/>
				<Compiler>
					<Add directory="/home/sabir/projects/blaze/cpp/src"/>
					<Add directory="/usr/local/include"/>
					<Add directory="/usr/include/c++/5"/>
					<Add directory="/usr/include/x86_64-linux-gnu/c++/5"/>
					<Add directory="/usr/include/c++/5/backward"/>
					<Add directory="/usr/lib/gcc/x86_64-linux-gnu/5/include"/>
					<Add directory="/usr/lib/gcc/x86_64-linux-gnu/5/include-fixed"/>
					<Add directory="/usr/include/x86_64-linux-gnu"/>
					<Add directory="/usr/include"/>
				</Compiler>
				<MakeCommands>
					<Build command="/usr/bin/make -j4 -f &quot;/home/sabir/projects/blaze/cpp/Makefile&quot;  VERBOSE=1 cpp/fast"/>
					<CompileFile command="/usr/bin/make -j4 -f &quot;/home/sabir/projects/blaze/cpp/Makefile&quot;  VERBOSE=1 &quot;$file&quot;"/>
					<Clean command="/usr/bin/make -j4 -f &quot;/home/sabir/projects/blaze/cpp/Makefile&quot;  VERBOSE=1 clean"/>
					<DistClean command="/usr/bin/make -j4 -f &quot;/home/sabir/projects/blaze/cpp/Makefile&quot;  VERBOSE=1 clean"/>
				</MakeCommands>
			</Target>
		</Build>
		<Unit filename="/home/sabir/projects/blaze/cpp/c_generate_dag_plan.c">
			<Option target="generate"/>
			<Option target="cpp"/>
		</Unit>
		<Unit filename="/home/sabir/projects/blaze/cpp/c_generate_dag_plan.h">
			<Option target="generate"/>
			<Option target="cpp"/>
		</Unit>
		<Unit filename="/home/sabir/projects/blaze/cpp/generate_dag_plan.cpp">
			<Option target="generate"/>
			<Option target="cpp"/>
		</Unit>
		<Unit filename="/home/sabir/projects/blaze/cpp/generate_dag_plan.h">
			<Option target="generate"/>
			<Option target="cpp"/>
		</Unit>
		<Unit filename="/home/sabir/projects/blaze/cpp/main.cpp">
			<Option target="generate"/>
			<Option target="cpp"/>
		</Unit>
		<Unit filename="/home/sabir/projects/blaze/cpp/src/code_gen/generate_code.cpp">
			<Option target="generate"/>
			<Option target="cpp"/>
		</Unit>
		<Unit filename="/home/sabir/projects/blaze/cpp/src/code_gen/generate_code.h">
			<Option target="generate"/>
			<Option target="cpp"/>
		</Unit>
		<Unit filename="/home/sabir/projects/blaze/cpp/src/dag/DAGCollection.cpp">
			<Option target="generate"/>
			<Option target="cpp"/>
		</Unit>
		<Unit filename="/home/sabir/projects/blaze/cpp/src/dag/DAGCollection.h">
			<Option target="generate"/>
			<Option target="cpp"/>
		</Unit>
		<Unit filename="/home/sabir/projects/blaze/cpp/src/dag/DAGCreation.cpp">
			<Option target="generate"/>
			<Option target="cpp"/>
		</Unit>
		<Unit filename="/home/sabir/projects/blaze/cpp/src/dag/DAGCreation.hpp">
			<Option target="generate"/>
			<Option target="cpp"/>
		</Unit>
		<Unit filename="/home/sabir/projects/blaze/cpp/src/dag/DAGFilter.cpp">
			<Option target="generate"/>
			<Option target="cpp"/>
		</Unit>
		<Unit filename="/home/sabir/projects/blaze/cpp/src/dag/DAGFilter.h">
			<Option target="generate"/>
			<Option target="cpp"/>
		</Unit>
		<Unit filename="/home/sabir/projects/blaze/cpp/src/dag/DAGJoin.cpp">
			<Option target="generate"/>
			<Option target="cpp"/>
		</Unit>
		<Unit filename="/home/sabir/projects/blaze/cpp/src/dag/DAGJoin.h">
			<Option target="generate"/>
			<Option target="cpp"/>
		</Unit>
		<Unit filename="/home/sabir/projects/blaze/cpp/src/dag/DAGMap.cpp">
			<Option target="generate"/>
			<Option target="cpp"/>
		</Unit>
		<Unit filename="/home/sabir/projects/blaze/cpp/src/dag/DAGMap.h">
			<Option target="generate"/>
			<Option target="cpp"/>
		</Unit>
		<Unit filename="/home/sabir/projects/blaze/cpp/src/dag/DAGRange.cpp">
			<Option target="generate"/>
			<Option target="cpp"/>
		</Unit>
		<Unit filename="/home/sabir/projects/blaze/cpp/src/dag/DAGRange.h">
			<Option target="generate"/>
			<Option target="cpp"/>
		</Unit>
		<Unit filename="/home/sabir/projects/blaze/cpp/src/utils/utils.cpp">
			<Option target="generate"/>
			<Option target="cpp"/>
		</Unit>
		<Unit filename="/home/sabir/projects/blaze/cpp/src/utils/utils.h">
			<Option target="generate"/>
			<Option target="cpp"/>
		</Unit>
		<Unit filename="/home/sabir/projects/blaze/cpp/CMakeLists.txt">
			<Option virtualFolder="CMake Files\"/>
		</Unit>
		<Unit filename="/home/sabir/projects/blaze/cpp/../../../../../usr/local/lib/cmake/llvm/LLVMConfigVersion.cmake">
			<Option virtualFolder="CMake Files\..\..\..\..\..\usr\local\lib\cmake\llvm\"/>
		</Unit>
		<Unit filename="/home/sabir/projects/blaze/cpp/../../../../../usr/local/lib/cmake/llvm/LLVMConfig.cmake">
			<Option virtualFolder="CMake Files\..\..\..\..\..\usr\local\lib\cmake\llvm\"/>
		</Unit>
		<Unit filename="/home/sabir/projects/blaze/cpp/../../../../../usr/local/lib/cmake/llvm/LLVMExports.cmake">
			<Option virtualFolder="CMake Files\..\..\..\..\..\usr\local\lib\cmake\llvm\"/>
		</Unit>
		<Unit filename="/home/sabir/projects/blaze/cpp/../../../../../usr/local/lib/cmake/llvm/LLVMExports-debug.cmake">
			<Option virtualFolder="CMake Files\..\..\..\..\..\usr\local\lib\cmake\llvm\"/>
		</Unit>
		<Unit filename="/home/sabir/projects/blaze/cpp/../../../../../usr/local/lib/cmake/llvm/LLVM-Config.cmake">
			<Option virtualFolder="CMake Files\..\..\..\..\..\usr\local\lib\cmake\llvm\"/>
		</Unit>
	</Project>
</CodeBlocks_project_file>
